// !$*UTF8*$!
{
	archiveVersion = 1;
	classes = {
	};
	objectVersion = 46;
	objects = {

/* Begin PBXBuildFile section */
		766F40E3F1A8C65074F5C7B5 /* Pods.framework in Frameworks */ = {isa = PBXBuildFile; fileRef = F21EF238F7E885A3C24F76D9 /* Pods.framework */; };
		9033CEDA1C79022900D8FDE1 /* main.m in Sources */ = {isa = PBXBuildFile; fileRef = 9033CED91C79022900D8FDE1 /* main.m */; };
		9033CEDD1C79022900D8FDE1 /* AppDelegate.m in Sources */ = {isa = PBXBuildFile; fileRef = 9033CEDC1C79022900D8FDE1 /* AppDelegate.m */; };
		9033CEE01C79022900D8FDE1 /* ViewController.m in Sources */ = {isa = PBXBuildFile; fileRef = 9033CEDF1C79022900D8FDE1 /* ViewController.m */; };
		9033CEE31C79022900D8FDE1 /* Main.storyboard in Resources */ = {isa = PBXBuildFile; fileRef = 9033CEE11C79022900D8FDE1 /* Main.storyboard */; };
		9033CEE51C79022900D8FDE1 /* Assets.xcassets in Resources */ = {isa = PBXBuildFile; fileRef = 9033CEE41C79022900D8FDE1 /* Assets.xcassets */; };
		9033CEE81C79022900D8FDE1 /* LaunchScreen.storyboard in Resources */ = {isa = PBXBuildFile; fileRef = 9033CEE61C79022900D8FDE1 /* LaunchScreen.storyboard */; };
		9033CEF31C79022900D8FDE1 /* iOS_PlaygroundTests.m in Sources */ = {isa = PBXBuildFile; fileRef = 9033CEF21C79022900D8FDE1 /* iOS_PlaygroundTests.m */; };
		9033CEFE1C79022900D8FDE1 /* iOS_PlaygroundUITests.m in Sources */ = {isa = PBXBuildFile; fileRef = 9033CEFD1C79022900D8FDE1 /* iOS_PlaygroundUITests.m */; };
/* End PBXBuildFile section */

/* Begin PBXContainerItemProxy section */
		9033CEEF1C79022900D8FDE1 /* PBXContainerItemProxy */ = {
			isa = PBXContainerItemProxy;
			containerPortal = 9033CECD1C79022900D8FDE1 /* Project object */;
			proxyType = 1;
			remoteGlobalIDString = 9033CED41C79022900D8FDE1;
			remoteInfo = "iOS Playground";
		};
		9033CEFA1C79022900D8FDE1 /* PBXContainerItemProxy */ = {
			isa = PBXContainerItemProxy;
			containerPortal = 9033CECD1C79022900D8FDE1 /* Project object */;
			proxyType = 1;
			remoteGlobalIDString = 9033CED41C79022900D8FDE1;
			remoteInfo = "iOS Playground";
		};
/* End PBXContainerItemProxy section */

/* Begin PBXFileReference section */
		9033CED51C79022900D8FDE1 /* iOS Playground.app */ = {isa = PBXFileReference; explicitFileType = wrapper.application; includeInIndex = 0; path = "iOS Playground.app"; sourceTree = BUILT_PRODUCTS_DIR; };
		9033CED91C79022900D8FDE1 /* main.m */ = {isa = PBXFileReference; lastKnownFileType = sourcecode.c.objc; path = main.m; sourceTree = "<group>"; };
		9033CEDB1C79022900D8FDE1 /* AppDelegate.h */ = {isa = PBXFileReference; lastKnownFileType = sourcecode.c.h; path = AppDelegate.h; sourceTree = "<group>"; };
		9033CEDC1C79022900D8FDE1 /* AppDelegate.m */ = {isa = PBXFileReference; lastKnownFileType = sourcecode.c.objc; path = AppDelegate.m; sourceTree = "<group>"; };
		9033CEDE1C79022900D8FDE1 /* ViewController.h */ = {isa = PBXFileReference; lastKnownFileType = sourcecode.c.h; path = ViewController.h; sourceTree = "<group>"; };
		9033CEDF1C79022900D8FDE1 /* ViewController.m */ = {isa = PBXFileReference; lastKnownFileType = sourcecode.c.objc; path = ViewController.m; sourceTree = "<group>"; };
		9033CEE21C79022900D8FDE1 /* Base */ = {isa = PBXFileReference; lastKnownFileType = file.storyboard; name = Base; path = Base.lproj/Main.storyboard; sourceTree = "<group>"; };
		9033CEE41C79022900D8FDE1 /* Assets.xcassets */ = {isa = PBXFileReference; lastKnownFileType = folder.assetcatalog; path = Assets.xcassets; sourceTree = "<group>"; };
		9033CEE71C79022900D8FDE1 /* Base */ = {isa = PBXFileReference; lastKnownFileType = file.storyboard; name = Base; path = Base.lproj/LaunchScreen.storyboard; sourceTree = "<group>"; };
		9033CEE91C79022900D8FDE1 /* Info.plist */ = {isa = PBXFileReference; lastKnownFileType = text.plist.xml; path = Info.plist; sourceTree = "<group>"; };
		9033CEEE1C79022900D8FDE1 /* iOS PlaygroundTests.xctest */ = {isa = PBXFileReference; explicitFileType = wrapper.cfbundle; includeInIndex = 0; path = "iOS PlaygroundTests.xctest"; sourceTree = BUILT_PRODUCTS_DIR; };
		9033CEF21C79022900D8FDE1 /* iOS_PlaygroundTests.m */ = {isa = PBXFileReference; lastKnownFileType = sourcecode.c.objc; path = iOS_PlaygroundTests.m; sourceTree = "<group>"; };
		9033CEF41C79022900D8FDE1 /* Info.plist */ = {isa = PBXFileReference; lastKnownFileType = text.plist.xml; path = Info.plist; sourceTree = "<group>"; };
		9033CEF91C79022900D8FDE1 /* iOS PlaygroundUITests.xctest */ = {isa = PBXFileReference; explicitFileType = wrapper.cfbundle; includeInIndex = 0; path = "iOS PlaygroundUITests.xctest"; sourceTree = BUILT_PRODUCTS_DIR; };
		9033CEFD1C79022900D8FDE1 /* iOS_PlaygroundUITests.m */ = {isa = PBXFileReference; lastKnownFileType = sourcecode.c.objc; path = iOS_PlaygroundUITests.m; sourceTree = "<group>"; };
		9033CEFF1C79022900D8FDE1 /* Info.plist */ = {isa = PBXFileReference; lastKnownFileType = text.plist.xml; path = Info.plist; sourceTree = "<group>"; };
		A55883A0662A1D14D76986A0 /* Pods.debug.xcconfig */ = {isa = PBXFileReference; includeInIndex = 1; lastKnownFileType = text.xcconfig; name = Pods.debug.xcconfig; path = "Pods/Target Support Files/Pods/Pods.debug.xcconfig"; sourceTree = "<group>"; };
		D532EA2F0C75F841B2858457 /* Pods.release.xcconfig */ = {isa = PBXFileReference; includeInIndex = 1; lastKnownFileType = text.xcconfig; name = Pods.release.xcconfig; path = "Pods/Target Support Files/Pods/Pods.release.xcconfig"; sourceTree = "<group>"; };
		F21EF238F7E885A3C24F76D9 /* Pods.framework */ = {isa = PBXFileReference; explicitFileType = wrapper.framework; includeInIndex = 0; path = Pods.framework; sourceTree = BUILT_PRODUCTS_DIR; };
/* End PBXFileReference section */

/* Begin PBXFrameworksBuildPhase section */
		9033CED21C79022900D8FDE1 /* Frameworks */ = {
			isa = PBXFrameworksBuildPhase;
			buildActionMask = 2147483647;
			files = (
				766F40E3F1A8C65074F5C7B5 /* Pods.framework in Frameworks */,
			);
			runOnlyForDeploymentPostprocessing = 0;
		};
		9033CEEB1C79022900D8FDE1 /* Frameworks */ = {
			isa = PBXFrameworksBuildPhase;
			buildActionMask = 2147483647;
			files = (
			);
			runOnlyForDeploymentPostprocessing = 0;
		};
		9033CEF61C79022900D8FDE1 /* Frameworks */ = {
			isa = PBXFrameworksBuildPhase;
			buildActionMask = 2147483647;
			files = (
			);
			runOnlyForDeploymentPostprocessing = 0;
		};
/* End PBXFrameworksBuildPhase section */

/* Begin PBXGroup section */
		38D3031D9ACCD286104595B0 /* Pods */ = {
			isa = PBXGroup;
			children = (
				A55883A0662A1D14D76986A0 /* Pods.debug.xcconfig */,
				D532EA2F0C75F841B2858457 /* Pods.release.xcconfig */,
			);
			name = Pods;
			sourceTree = "<group>";
		};
		55A0585D139057C6A23F9831 /* Frameworks */ = {
			isa = PBXGroup;
			children = (
				F21EF238F7E885A3C24F76D9 /* Pods.framework */,
			);
			name = Frameworks;
			sourceTree = "<group>";
		};
		9033CECC1C79022900D8FDE1 = {
			isa = PBXGroup;
			children = (
				9033CED71C79022900D8FDE1 /* iOS Playground */,
				9033CEF11C79022900D8FDE1 /* iOS PlaygroundTests */,
				9033CEFC1C79022900D8FDE1 /* iOS PlaygroundUITests */,
				9033CED61C79022900D8FDE1 /* Products */,
				38D3031D9ACCD286104595B0 /* Pods */,
				55A0585D139057C6A23F9831 /* Frameworks */,
			);
			sourceTree = "<group>";
		};
		9033CED61C79022900D8FDE1 /* Products */ = {
			isa = PBXGroup;
			children = (
				9033CED51C79022900D8FDE1 /* iOS Playground.app */,
				9033CEEE1C79022900D8FDE1 /* iOS PlaygroundTests.xctest */,
				9033CEF91C79022900D8FDE1 /* iOS PlaygroundUITests.xctest */,
			);
			name = Products;
			sourceTree = "<group>";
		};
		9033CED71C79022900D8FDE1 /* iOS Playground */ = {
			isa = PBXGroup;
			children = (
				9033CEDB1C79022900D8FDE1 /* AppDelegate.h */,
				9033CEDC1C79022900D8FDE1 /* AppDelegate.m */,
				9033CEDE1C79022900D8FDE1 /* ViewController.h */,
				9033CEDF1C79022900D8FDE1 /* ViewController.m */,
				9033CEE11C79022900D8FDE1 /* Main.storyboard */,
				9033CEE41C79022900D8FDE1 /* Assets.xcassets */,
				9033CEE61C79022900D8FDE1 /* LaunchScreen.storyboard */,
				9033CEE91C79022900D8FDE1 /* Info.plist */,
				9033CED81C79022900D8FDE1 /* Supporting Files */,
			);
			path = "iOS Playground";
			sourceTree = "<group>";
		};
		9033CED81C79022900D8FDE1 /* Supporting Files */ = {
			isa = PBXGroup;
			children = (
				9033CED91C79022900D8FDE1 /* main.m */,
			);
			name = "Supporting Files";
			sourceTree = "<group>";
		};
		9033CEF11C79022900D8FDE1 /* iOS PlaygroundTests */ = {
			isa = PBXGroup;
			children = (
				9033CEF21C79022900D8FDE1 /* iOS_PlaygroundTests.m */,
				9033CEF41C79022900D8FDE1 /* Info.plist */,
			);
			path = "iOS PlaygroundTests";
			sourceTree = "<group>";
		};
		9033CEFC1C79022900D8FDE1 /* iOS PlaygroundUITests */ = {
			isa = PBXGroup;
			children = (
				9033CEFD1C79022900D8FDE1 /* iOS_PlaygroundUITests.m */,
				9033CEFF1C79022900D8FDE1 /* Info.plist */,
			);
			path = "iOS PlaygroundUITests";
			sourceTree = "<group>";
		};
/* End PBXGroup section */

/* Begin PBXNativeTarget section */
		9033CED41C79022900D8FDE1 /* iOS Playground */ = {
			isa = PBXNativeTarget;
			buildConfigurationList = 9033CF021C79022900D8FDE1 /* Build configuration list for PBXNativeTarget "iOS Playground" */;
			buildPhases = (
				35D5D9F1163733971ADDD383 /* Check Pods Manifest.lock */,
				9033CED11C79022900D8FDE1 /* Sources */,
				9033CED21C79022900D8FDE1 /* Frameworks */,
				9033CED31C79022900D8FDE1 /* Resources */,
				2D4EF59B19956D277FEE8BAF /* Embed Pods Frameworks */,
				6E428B5074C770298BAB0E77 /* Copy Pods Resources */,
			);
			buildRules = (
			);
			dependencies = (
			);
			name = "iOS Playground";
			productName = "iOS Playground";
			productReference = 9033CED51C79022900D8FDE1 /* iOS Playground.app */;
			productType = "com.apple.product-type.application";
		};
		9033CEED1C79022900D8FDE1 /* iOS PlaygroundTests */ = {
			isa = PBXNativeTarget;
			buildConfigurationList = 9033CF051C79022900D8FDE1 /* Build configuration list for PBXNativeTarget "iOS PlaygroundTests" */;
			buildPhases = (
				9033CEEA1C79022900D8FDE1 /* Sources */,
				9033CEEB1C79022900D8FDE1 /* Frameworks */,
				9033CEEC1C79022900D8FDE1 /* Resources */,
			);
			buildRules = (
			);
			dependencies = (
				9033CEF01C79022900D8FDE1 /* PBXTargetDependency */,
			);
			name = "iOS PlaygroundTests";
			productName = "iOS PlaygroundTests";
			productReference = 9033CEEE1C79022900D8FDE1 /* iOS PlaygroundTests.xctest */;
			productType = "com.apple.product-type.bundle.unit-test";
		};
		9033CEF81C79022900D8FDE1 /* iOS PlaygroundUITests */ = {
			isa = PBXNativeTarget;
			buildConfigurationList = 9033CF081C79022900D8FDE1 /* Build configuration list for PBXNativeTarget "iOS PlaygroundUITests" */;
			buildPhases = (
				9033CEF51C79022900D8FDE1 /* Sources */,
				9033CEF61C79022900D8FDE1 /* Frameworks */,
				9033CEF71C79022900D8FDE1 /* Resources */,
			);
			buildRules = (
			);
			dependencies = (
				9033CEFB1C79022900D8FDE1 /* PBXTargetDependency */,
			);
			name = "iOS PlaygroundUITests";
			productName = "iOS PlaygroundUITests";
			productReference = 9033CEF91C79022900D8FDE1 /* iOS PlaygroundUITests.xctest */;
			productType = "com.apple.product-type.bundle.ui-testing";
		};
/* End PBXNativeTarget section */

/* Begin PBXProject section */
		9033CECD1C79022900D8FDE1 /* Project object */ = {
			isa = PBXProject;
			attributes = {
				LastUpgradeCheck = 0720;
				ORGANIZATIONNAME = "Tejas Deshpande";
				TargetAttributes = {
					9033CED41C79022900D8FDE1 = {
						CreatedOnToolsVersion = 7.2.1;
					};
					9033CEED1C79022900D8FDE1 = {
						CreatedOnToolsVersion = 7.2.1;
						TestTargetID = 9033CED41C79022900D8FDE1;
					};
					9033CEF81C79022900D8FDE1 = {
						CreatedOnToolsVersion = 7.2.1;
						TestTargetID = 9033CED41C79022900D8FDE1;
					};
				};
			};
			buildConfigurationList = 9033CED01C79022900D8FDE1 /* Build configuration list for PBXProject "iOS Playground" */;
			compatibilityVersion = "Xcode 3.2";
			developmentRegion = English;
			hasScannedForEncodings = 0;
			knownRegions = (
				en,
				Base,
			);
			mainGroup = 9033CECC1C79022900D8FDE1;
			productRefGroup = 9033CED61C79022900D8FDE1 /* Products */;
			projectDirPath = "";
			projectRoot = "";
			targets = (
				9033CED41C79022900D8FDE1 /* iOS Playground */,
				9033CEED1C79022900D8FDE1 /* iOS PlaygroundTests */,
				9033CEF81C79022900D8FDE1 /* iOS PlaygroundUITests */,
			);
		};
/* End PBXProject section */

/* Begin PBXResourcesBuildPhase section */
		9033CED31C79022900D8FDE1 /* Resources */ = {
			isa = PBXResourcesBuildPhase;
			buildActionMask = 2147483647;
			files = (
				9033CEE81C79022900D8FDE1 /* LaunchScreen.storyboard in Resources */,
				9033CEE51C79022900D8FDE1 /* Assets.xcassets in Resources */,
				9033CEE31C79022900D8FDE1 /* Main.storyboard in Resources */,
			);
			runOnlyForDeploymentPostprocessing = 0;
		};
		9033CEEC1C79022900D8FDE1 /* Resources */ = {
			isa = PBXResourcesBuildPhase;
			buildActionMask = 2147483647;
			files = (
			);
			runOnlyForDeploymentPostprocessing = 0;
		};
		9033CEF71C79022900D8FDE1 /* Resources */ = {
			isa = PBXResourcesBuildPhase;
			buildActionMask = 2147483647;
			files = (
			);
			runOnlyForDeploymentPostprocessing = 0;
		};
/* End PBXResourcesBuildPhase section */

/* Begin PBXShellScriptBuildPhase section */
		2D4EF59B19956D277FEE8BAF /* Embed Pods Frameworks */ = {
			isa = PBXShellScriptBuildPhase;
			buildActionMask = 2147483647;
			files = (
			);
			inputPaths = (
			);
			name = "Embed Pods Frameworks";
			outputPaths = (
			);
			runOnlyForDeploymentPostprocessing = 0;
			shellPath = /bin/sh;
			shellScript = "\"${SRCROOT}/Pods/Target Support Files/Pods/Pods-frameworks.sh\"\n";
			showEnvVarsInLog = 0;
		};
		35D5D9F1163733971ADDD383 /* Check Pods Manifest.lock */ = {
			isa = PBXShellScriptBuildPhase;
			buildActionMask = 2147483647;
			files = (
			);
			inputPaths = (
			);
			name = "Check Pods Manifest.lock";
			outputPaths = (
			);
			runOnlyForDeploymentPostprocessing = 0;
			shellPath = /bin/sh;
			shellScript = "diff \"${PODS_ROOT}/../Podfile.lock\" \"${PODS_ROOT}/Manifest.lock\" > /dev/null\nif [[ $? != 0 ]] ; then\n    cat << EOM\nerror: The sandbox is not in sync with the Podfile.lock. Run 'pod install' or update your CocoaPods installation.\nEOM\n    exit 1\nfi\n";
			showEnvVarsInLog = 0;
		};
		6E428B5074C770298BAB0E77 /* Copy Pods Resources */ = {
			isa = PBXShellScriptBuildPhase;
			buildActionMask = 2147483647;
			files = (
			);
			inputPaths = (
			);
			name = "Copy Pods Resources";
			outputPaths = (
			);
			runOnlyForDeploymentPostprocessing = 0;
			shellPath = /bin/sh;
			shellScript = "\"${SRCROOT}/Pods/Target Support Files/Pods/Pods-resources.sh\"\n";
			showEnvVarsInLog = 0;
		};
/* End PBXShellScriptBuildPhase section */

/* Begin PBXSourcesBuildPhase section */
		9033CED11C79022900D8FDE1 /* Sources */ = {
			isa = PBXSourcesBuildPhase;
			buildActionMask = 2147483647;
			files = (
				9033CEE01C79022900D8FDE1 /* ViewController.m in Sources */,
				9033CEDD1C79022900D8FDE1 /* AppDelegate.m in Sources */,
				9033CEDA1C79022900D8FDE1 /* main.m in Sources */,
			);
			runOnlyForDeploymentPostprocessing = 0;
		};
		9033CEEA1C79022900D8FDE1 /* Sources */ = {
			isa = PBXSourcesBuildPhase;
			buildActionMask = 2147483647;
			files = (
				9033CEF31C79022900D8FDE1 /* iOS_PlaygroundTests.m in Sources */,
			);
			runOnlyForDeploymentPostprocessing = 0;
		};
		9033CEF51C79022900D8FDE1 /* Sources */ = {
			isa = PBXSourcesBuildPhase;
			buildActionMask = 2147483647;
			files = (
				9033CEFE1C79022900D8FDE1 /* iOS_PlaygroundUITests.m in Sources */,
			);
			runOnlyForDeploymentPostprocessing = 0;
		};
/* End PBXSourcesBuildPhase section */

/* Begin PBXTargetDependency section */
		9033CEF01C79022900D8FDE1 /* PBXTargetDependency */ = {
			isa = PBXTargetDependency;
			target = 9033CED41C79022900D8FDE1 /* iOS Playground */;
			targetProxy = 9033CEEF1C79022900D8FDE1 /* PBXContainerItemProxy */;
		};
		9033CEFB1C79022900D8FDE1 /* PBXTargetDependency */ = {
			isa = PBXTargetDependency;
			target = 9033CED41C79022900D8FDE1 /* iOS Playground */;
			targetProxy = 9033CEFA1C79022900D8FDE1 /* PBXContainerItemProxy */;
		};
/* End PBXTargetDependency section */

/* Begin PBXVariantGroup section */
		9033CEE11C79022900D8FDE1 /* Main.storyboard */ = {
			isa = PBXVariantGroup;
			children = (
				9033CEE21C79022900D8FDE1 /* Base */,
			);
			name = Main.storyboard;
			sourceTree = "<group>";
		};
		9033CEE61C79022900D8FDE1 /* LaunchScreen.storyboard */ = {
			isa = PBXVariantGroup;
			children = (
				9033CEE71C79022900D8FDE1 /* Base */,
			);
			name = LaunchScreen.storyboard;
			sourceTree = "<group>";
		};
/* End PBXVariantGroup section */

/* Begin XCBuildConfiguration section */
		9033CF001C79022900D8FDE1 /* Debug */ = {
			isa = XCBuildConfiguration;
			buildSettings = {
				ALWAYS_SEARCH_USER_PATHS = NO;
				CLANG_CXX_LANGUAGE_STANDARD = "gnu++0x";
				CLANG_CXX_LIBRARY = "libc++";
				CLANG_ENABLE_MODULES = YES;
				CLANG_ENABLE_OBJC_ARC = YES;
				CLANG_WARN_BOOL_CONVERSION = YES;
				CLANG_WARN_CONSTANT_CONVERSION = YES;
				CLANG_WARN_DIRECT_OBJC_ISA_USAGE = YES_ERROR;
				CLANG_WARN_EMPTY_BODY = YES;
				CLANG_WARN_ENUM_CONVERSION = YES;
				CLANG_WARN_INT_CONVERSION = YES;
				CLANG_WARN_OBJC_ROOT_CLASS = YES_ERROR;
				CLANG_WARN_UNREACHABLE_CODE = YES;
				CLANG_WARN__DUPLICATE_METHOD_MATCH = YES;
				"CODE_SIGN_IDENTITY[sdk=iphoneos*]" = "iPhone Developer";
				COPY_PHASE_STRIP = NO;
				DEBUG_INFORMATION_FORMAT = dwarf;
				ENABLE_STRICT_OBJC_MSGSEND = YES;
				ENABLE_TESTABILITY = YES;
				GCC_C_LANGUAGE_STANDARD = gnu99;
				GCC_DYNAMIC_NO_PIC = NO;
				GCC_NO_COMMON_BLOCKS = YES;
				GCC_OPTIMIZATION_LEVEL = 0;
				GCC_PREPROCESSOR_DEFINITIONS = (
					"DEBUG=1",
					"$(inherited)",
				);
				GCC_WARN_64_TO_32_BIT_CONVERSION = YES;
				GCC_WARN_ABOUT_RETURN_TYPE = YES_ERROR;
				GCC_WARN_UNDECLARED_SELECTOR = YES;
				GCC_WARN_UNINITIALIZED_AUTOS = YES_AGGRESSIVE;
				GCC_WARN_UNUSED_FUNCTION = YES;
				GCC_WARN_UNUSED_VARIABLE = YES;
				IPHONEOS_DEPLOYMENT_TARGET = 9.2;
				MTL_ENABLE_DEBUG_INFO = YES;
				ONLY_ACTIVE_ARCH = YES;
				SDKROOT = iphoneos;
				TARGETED_DEVICE_FAMILY = "1,2";
			};
			name = Debug;
		};
		9033CF011C79022900D8FDE1 /* Release */ = {
			isa = XCBuildConfiguration;
			buildSettings = {
				ALWAYS_SEARCH_USER_PATHS = NO;
				CLANG_CXX_LANGUAGE_STANDARD = "gnu++0x";
				CLANG_CXX_LIBRARY = "libc++";
				CLANG_ENABLE_MODULES = YES;
				CLANG_ENABLE_OBJC_ARC = YES;
				CLANG_WARN_BOOL_CONVERSION = YES;
				CLANG_WARN_CONSTANT_CONVERSION = YES;
				CLANG_WARN_DIRECT_OBJC_ISA_USAGE = YES_ERROR;
				CLANG_WARN_EMPTY_BODY = YES;
				CLANG_WARN_ENUM_CONVERSION = YES;
				CLANG_WARN_INT_CONVERSION = YES;
				CLANG_WARN_OBJC_ROOT_CLASS = YES_ERROR;
				CLANG_WARN_UNREACHABLE_CODE = YES;
				CLANG_WARN__DUPLICATE_METHOD_MATCH = YES;
				"CODE_SIGN_IDENTITY[sdk=iphoneos*]" = "iPhone Developer";
				COPY_PHASE_STRIP = NO;
				DEBUG_INFORMATION_FORMAT = "dwarf-with-dsym";
				ENABLE_NS_ASSERTIONS = NO;
				ENABLE_STRICT_OBJC_MSGSEND = YES;
				GCC_C_LANGUAGE_STANDARD = gnu99;
				GCC_NO_COMMON_BLOCKS = YES;
				GCC_WARN_64_TO_32_BIT_CONVERSION = YES;
				GCC_WARN_ABOUT_RETURN_TYPE = YES_ERROR;
				GCC_WARN_UNDECLARED_SELECTOR = YES;
				GCC_WARN_UNINITIALIZED_AUTOS = YES_AGGRESSIVE;
				GCC_WARN_UNUSED_FUNCTION = YES;
				GCC_WARN_UNUSED_VARIABLE = YES;
				IPHONEOS_DEPLOYMENT_TARGET = 9.2;
				MTL_ENABLE_DEBUG_INFO = NO;
				SDKROOT = iphoneos;
				TARGETED_DEVICE_FAMILY = "1,2";
				VALIDATE_PRODUCT = YES;
			};
			name = Release;
		};
		9033CF031C79022900D8FDE1 /* Debug */ = {
			isa = XCBuildConfiguration;
			baseConfigurationReference = A55883A0662A1D14D76986A0 /* Pods.debug.xcconfig */;
			buildSettings = {
				ASSETCATALOG_COMPILER_APPICON_NAME = AppIcon;
				INFOPLIST_FILE = "iOS Playground/Info.plist";
				LD_RUNPATH_SEARCH_PATHS = "$(inherited) @executable_path/Frameworks";
				PRODUCT_BUNDLE_IDENTIFIER = "co.tejasd.iOS-Playground";
				PRODUCT_NAME = "$(TARGET_NAME)";
			};
			name = Debug;
		};
		9033CF041C79022900D8FDE1 /* Release */ = {
			isa = XCBuildConfiguration;
			baseConfigurationReference = D532EA2F0C75F841B2858457 /* Pods.release.xcconfig */;
			buildSettings = {
				ASSETCATALOG_COMPILER_APPICON_NAME = AppIcon;
				INFOPLIST_FILE = "iOS Playground/Info.plist";
				LD_RUNPATH_SEARCH_PATHS = "$(inherited) @executable_path/Frameworks";
				PRODUCT_BUNDLE_IDENTIFIER = "co.tejasd.iOS-Playground";
				PRODUCT_NAME = "$(TARGET_NAME)";
			};
			name = Release;
		};
		9033CF061C79022900D8FDE1 /* Debug */ = {
			isa = XCBuildConfiguration;
			buildSettings = {
				BUNDLE_LOADER = "$(TEST_HOST)";
				INFOPLIST_FILE = "iOS PlaygroundTests/Info.plist";
				LD_RUNPATH_SEARCH_PATHS = "$(inherited) @executable_path/Frameworks @loader_path/Frameworks";
				PRODUCT_BUNDLE_IDENTIFIER = "co.tejasd.iOS-PlaygroundTests";
				PRODUCT_NAME = "$(TARGET_NAME)";
				TEST_HOST = "$(BUILT_PRODUCTS_DIR)/iOS Playground.app/iOS Playground";
			};
			name = Debug;
		};
		9033CF071C79022900D8FDE1 /* Release */ = {
			isa = XCBuildConfiguration;
			buildSettings = {
				BUNDLE_LOADER = "$(TEST_HOST)";
				INFOPLIST_FILE = "iOS PlaygroundTests/Info.plist";
				LD_RUNPATH_SEARCH_PATHS = "$(inherited) @executable_path/Frameworks @loader_path/Frameworks";
				PRODUCT_BUNDLE_IDENTIFIER = "co.tejasd.iOS-PlaygroundTests";
				PRODUCT_NAME = "$(TARGET_NAME)";
				TEST_HOST = "$(BUILT_PRODUCTS_DIR)/iOS Playground.app/iOS Playground";
			};
			name = Release;
		};
		9033CF091C79022900D8FDE1 /* Debug */ = {
			isa = XCBuildConfiguration;
			buildSettings = {
				INFOPLIST_FILE = "iOS PlaygroundUITests/Info.plist";
				LD_RUNPATH_SEARCH_PATHS = "$(inherited) @executable_path/Frameworks @loader_path/Frameworks";
				PRODUCT_BUNDLE_IDENTIFIER = "co.tejasd.iOS-PlaygroundUITests";
				PRODUCT_NAME = "$(TARGET_NAME)";
				TEST_TARGET_NAME = "iOS Playground";
				USES_XCTRUNNER = YES;
			};
			name = Debug;
		};
		9033CF0A1C79022900D8FDE1 /* Release */ = {
			isa = XCBuildConfiguration;
			buildSettings = {
				INFOPLIST_FILE = "iOS PlaygroundUITests/Info.plist";
				LD_RUNPATH_SEARCH_PATHS = "$(inherited) @executable_path/Frameworks @loader_path/Frameworks";
				PRODUCT_BUNDLE_IDENTIFIER = "co.tejasd.iOS-PlaygroundUITests";
				PRODUCT_NAME = "$(TARGET_NAME)";
				TEST_TARGET_NAME = "iOS Playground";
				USES_XCTRUNNER = YES;
			};
			name = Release;
		};
/* End XCBuildConfiguration section */

/* Begin XCConfigurationList section */
		9033CED01C79022900D8FDE1 /* Build configuration list for PBXProject "iOS Playground" */ = {
			isa = XCConfigurationList;
			buildConfigurations = (
				9033CF001C79022900D8FDE1 /* Debug */,
				9033CF011C79022900D8FDE1 /* Release */,
			);
			defaultConfigurationIsVisible = 0;
			defaultConfigurationName = Release;
		};
		9033CF021C79022900D8FDE1 /* Build configuration list for PBXNativeTarget "iOS Playground" */ = {
			isa = XCConfigurationList;
			buildConfigurations = (
				9033CF031C79022900D8FDE1 /* Debug */,
				9033CF041C79022900D8FDE1 /* Release */,
			);
			defaultConfigurationIsVisible = 0;
			defaultConfigurationName = Release;
		};
		9033CF051C79022900D8FDE1 /* Build configuration list for PBXNativeTarget "iOS PlaygroundTests" */ = {
			isa = XCConfigurationList;
			buildConfigurations = (
				9033CF061C79022900D8FDE1 /* Debug */,
				9033CF071C79022900D8FDE1 /* Release */,
			);
			defaultConfigurationIsVisible = 0;
			defaultConfigurationName = Release;
		};
		9033CF081C79022900D8FDE1 /* Build configuration list for PBXNativeTarget "iOS PlaygroundUITests" */ = {
			isa = XCConfigurationList;
			buildConfigurations = (
				9033CF091C79022900D8FDE1 /* Debug */,
				9033CF0A1C79022900D8FDE1 /* Release */,
			);
			defaultConfigurationIsVisible = 0;
			defaultConfigurationName = Release;
		};
/* End XCConfigurationList section */
	};
	rootObject = 9033CECD1C79022900D8FDE1 /* Project object */;
}
